# Code generated by scarb DO NOT EDIT.
version = 1

[[package]]
name = "alexandria"
version = "0.1.0"
dependencies = [
 "alexandria_data_structures",
 "alexandria_encoding",
 "alexandria_math",
]

[[package]]
name = "alexandria_bytes"
version = "0.1.0"
source = "git+https://github.com/keep-starknet-strange/alexandria.git?rev=95d98a5182001d07673b856a356eff0e6bd05354#95d98a5182001d07673b856a356eff0e6bd05354"
dependencies = [
 "alexandria_data_structures",
 "alexandria_math",
]

[[package]]
name = "alexandria_data_structures"
version = "0.2.0"
source = "git+https://github.com/keep-starknet-strange/alexandria.git?rev=95d98a5182001d07673b856a356eff0e6bd05354#95d98a5182001d07673b856a356eff0e6bd05354"
dependencies = [
 "alexandria_encoding",
]

[[package]]
name = "alexandria_encoding"
version = "0.1.0"
source = "git+https://github.com/keep-starknet-strange/alexandria.git?rev=95d98a5182001d07673b856a356eff0e6bd05354#95d98a5182001d07673b856a356eff0e6bd05354"
dependencies = [
 "alexandria_bytes",
 "alexandria_math",
 "alexandria_numeric",
]

[[package]]
name = "alexandria_math"
version = "0.2.1"
source = "git+https://github.com/keep-starknet-strange/alexandria.git?rev=95d98a5182001d07673b856a356eff0e6bd05354#95d98a5182001d07673b856a356eff0e6bd05354"

[[package]]
name = "alexandria_numeric"
version = "0.1.0"
source = "git+https://github.com/keep-starknet-strange/alexandria.git?rev=95d98a5182001d07673b856a356eff0e6bd05354#95d98a5182001d07673b856a356eff0e6bd05354"
dependencies = [
 "alexandria_math",
 "alexandria_searching",
]

[[package]]
name = "alexandria_searching"
version = "0.1.0"
source = "git+https://github.com/keep-starknet-strange/alexandria.git?rev=95d98a5182001d07673b856a356eff0e6bd05354#95d98a5182001d07673b856a356eff0e6bd05354"
dependencies = [
 "alexandria_data_structures",
]
