# Code generated by scarb DO NOT EDIT.
version = 1

[[package]]
name = "alexandria"
version = "0.1.0"
dependencies = [
 "alexandria_data_structures",
 "alexandria_math",
]

[[package]]
name = "alexandria_data_structures"
version = "0.2.0"
source = "git+https://github.com/keep-starknet-strange/alexandria.git#ecc881e2aee668332441bdfa32336e3404cf8eb1"
dependencies = [
 "alexandria_encoding",
]

[[package]]
name = "alexandria_encoding"
version = "0.1.0"
source = "git+https://github.com/keep-starknet-strange/alexandria.git#ecc881e2aee668332441bdfa32336e3404cf8eb1"
dependencies = [
 "alexandria_math",
 "alexandria_numeric",
]

[[package]]
name = "alexandria_math"
version = "0.2.0"
source = "git+https://github.com/keep-starknet-strange/alexandria.git#ecc881e2aee668332441bdfa32336e3404cf8eb1"
dependencies = [
 "alexandria_data_structures",
]

[[package]]
name = "alexandria_numeric"
version = "0.1.0"
source = "git+https://github.com/keep-starknet-strange/alexandria.git#ecc881e2aee668332441bdfa32336e3404cf8eb1"
dependencies = [
 "alexandria_math",
]
