# Code generated by scarb DO NOT EDIT.
version = 1

[[package]]
name = "native_erc20"
version = "0.1.0"
dependencies = [
 "openzeppelin",
]

[[package]]
name = "openzeppelin"
version = "0.14.0"
source = "git+https://github.com/OpenZeppelin/cairo-contracts?branch=release-v0.14.0#8e660c7b91641afee967a7ed86dd2061d471a861"
